// !$*UTF8*$!
{
	archiveVersion = 1;
	classes = {
	};
	objectVersion = 55;
	objects = {

/* Begin PBXBuildFile section */
		265749082820205800637A7B /* AppDelegate.swift in Sources */ = {isa = PBXBuildFile; fileRef = 265749072820205800637A7B /* AppDelegate.swift */; };
		2657490A2820205800637A7B /* SceneDelegate.swift in Sources */ = {isa = PBXBuildFile; fileRef = 265749092820205800637A7B /* SceneDelegate.swift */; };
		2657490C2820205800637A7B /* LoginViewController.swift in Sources */ = {isa = PBXBuildFile; fileRef = 2657490B2820205800637A7B /* LoginViewController.swift */; };
		2657490F2820205800637A7B /* Main.storyboard in Resources */ = {isa = PBXBuildFile; fileRef = 2657490D2820205800637A7B /* Main.storyboard */; };
		265749112820205E00637A7B /* Assets.xcassets in Resources */ = {isa = PBXBuildFile; fileRef = 265749102820205E00637A7B /* Assets.xcassets */; };
		265749142820205E00637A7B /* LaunchScreen.storyboard in Resources */ = {isa = PBXBuildFile; fileRef = 265749122820205E00637A7B /* LaunchScreen.storyboard */; };
		26740A9528268E0C00D53E67 /* ProfileViewController.swift in Sources */ = {isa = PBXBuildFile; fileRef = 26740A9428268E0C00D53E67 /* ProfileViewController.swift */; };
		26892407282E1F7700B66DA7 /* GoogleService-Info.plist in Resources */ = {isa = PBXBuildFile; fileRef = 26892406282E1F7600B66DA7 /* GoogleService-Info.plist */; };
		26B8212F28214469006EB4A9 /* EventViewController.swift in Sources */ = {isa = PBXBuildFile; fileRef = 26B8212E28214469006EB4A9 /* EventViewController.swift */; };
		26B82133282144DD006EB4A9 /* DetailViewController.swift in Sources */ = {isa = PBXBuildFile; fileRef = 26B82132282144DD006EB4A9 /* DetailViewController.swift */; };
		26B8213528214541006EB4A9 /* ReservationViewController.swift in Sources */ = {isa = PBXBuildFile; fileRef = 26B8213428214541006EB4A9 /* ReservationViewController.swift */; };
		327BF4F82824BB8600D8E744 /* Event.swift in Sources */ = {isa = PBXBuildFile; fileRef = 327BF4F72824BB8600D8E744 /* Event.swift */; };
		33FE9BDF282DFDDB00377504 /* ReservationTVC.swift in Sources */ = {isa = PBXBuildFile; fileRef = 33FE9BDE282DFDDB00377504 /* ReservationTVC.swift */; };
		33FE9BE1282E0D4100377504 /* UDList .swift in Sources */ = {isa = PBXBuildFile; fileRef = 33FE9BE0282E0D4100377504 /* UDList .swift */; };
		4F435969282B8F66006F846F /* EventsTVC.swift in Sources */ = {isa = PBXBuildFile; fileRef = 4F435968282B8F66006F846F /* EventsTVC.swift */; };
		F8277E3F83A008D80080B6EC /* Pods_UTS_Showcase.framework in Frameworks */ = {isa = PBXBuildFile; fileRef = 80FC5F61792406E40007AA7D /* Pods_UTS_Showcase.framework */; };
/* End PBXBuildFile section */

/* Begin PBXFileReference section */
		265749042820205800637A7B /* UTS-Showcase.app */ = {isa = PBXFileReference; explicitFileType = wrapper.application; includeInIndex = 0; path = "UTS-Showcase.app"; sourceTree = BUILT_PRODUCTS_DIR; };
		265749072820205800637A7B /* AppDelegate.swift */ = {isa = PBXFileReference; lastKnownFileType = sourcecode.swift; path = AppDelegate.swift; sourceTree = "<group>"; };
		265749092820205800637A7B /* SceneDelegate.swift */ = {isa = PBXFileReference; lastKnownFileType = sourcecode.swift; path = SceneDelegate.swift; sourceTree = "<group>"; };
		2657490B2820205800637A7B /* LoginViewController.swift */ = {isa = PBXFileReference; lastKnownFileType = sourcecode.swift; path = LoginViewController.swift; sourceTree = "<group>"; };
		2657490E2820205800637A7B /* Base */ = {isa = PBXFileReference; lastKnownFileType = file.storyboard; name = Base; path = Base.lproj/Main.storyboard; sourceTree = "<group>"; };
		265749102820205E00637A7B /* Assets.xcassets */ = {isa = PBXFileReference; lastKnownFileType = folder.assetcatalog; path = Assets.xcassets; sourceTree = "<group>"; };
		265749132820205E00637A7B /* Base */ = {isa = PBXFileReference; lastKnownFileType = file.storyboard; name = Base; path = Base.lproj/LaunchScreen.storyboard; sourceTree = "<group>"; };
		265749152820205E00637A7B /* Info.plist */ = {isa = PBXFileReference; lastKnownFileType = text.plist.xml; path = Info.plist; sourceTree = "<group>"; };
		26740A9428268E0C00D53E67 /* ProfileViewController.swift */ = {isa = PBXFileReference; lastKnownFileType = sourcecode.swift; path = ProfileViewController.swift; sourceTree = "<group>"; };
		26892406282E1F7600B66DA7 /* GoogleService-Info.plist */ = {isa = PBXFileReference; fileEncoding = 4; lastKnownFileType = text.plist.xml; path = "GoogleService-Info.plist"; sourceTree = "<group>"; };
		26B8212E28214469006EB4A9 /* EventViewController.swift */ = {isa = PBXFileReference; lastKnownFileType = sourcecode.swift; path = EventViewController.swift; sourceTree = "<group>"; };
		26B82132282144DD006EB4A9 /* DetailViewController.swift */ = {isa = PBXFileReference; lastKnownFileType = sourcecode.swift; path = DetailViewController.swift; sourceTree = "<group>"; };
		26B8213428214541006EB4A9 /* ReservationViewController.swift */ = {isa = PBXFileReference; lastKnownFileType = sourcecode.swift; path = ReservationViewController.swift; sourceTree = "<group>"; };
		327BF4F72824BB8600D8E744 /* Event.swift */ = {isa = PBXFileReference; lastKnownFileType = sourcecode.swift; path = Event.swift; sourceTree = "<group>"; };
		33FE9BDE282DFDDB00377504 /* ReservationTVC.swift */ = {isa = PBXFileReference; lastKnownFileType = sourcecode.swift; path = ReservationTVC.swift; sourceTree = "<group>"; };
		33FE9BE0282E0D4100377504 /* UDList .swift */ = {isa = PBXFileReference; lastKnownFileType = sourcecode.swift; path = "UDList .swift"; sourceTree = "<group>"; };
		3440959835C685ACB68DE826 /* Pods-UTS-Showcase.release.xcconfig */ = {isa = PBXFileReference; includeInIndex = 1; lastKnownFileType = text.xcconfig; name = "Pods-UTS-Showcase.release.xcconfig"; path = "Target Support Files/Pods-UTS-Showcase/Pods-UTS-Showcase.release.xcconfig"; sourceTree = "<group>"; };
		4F435968282B8F66006F846F /* EventsTVC.swift */ = {isa = PBXFileReference; lastKnownFileType = sourcecode.swift; path = EventsTVC.swift; sourceTree = "<group>"; };
		53C0DD0E58C3DD0CA4D9FEC0 /* Pods-UTS-Showcase.debug.xcconfig */ = {isa = PBXFileReference; includeInIndex = 1; lastKnownFileType = text.xcconfig; name = "Pods-UTS-Showcase.debug.xcconfig"; path = "Target Support Files/Pods-UTS-Showcase/Pods-UTS-Showcase.debug.xcconfig"; sourceTree = "<group>"; };
		80FC5F61792406E40007AA7D /* Pods_UTS_Showcase.framework */ = {isa = PBXFileReference; explicitFileType = wrapper.framework; includeInIndex = 0; path = Pods_UTS_Showcase.framework; sourceTree = BUILT_PRODUCTS_DIR; };
/* End PBXFileReference section */

/* Begin PBXFrameworksBuildPhase section */
		265749012820205800637A7B /* Frameworks */ = {
			isa = PBXFrameworksBuildPhase;
			buildActionMask = 2147483647;
			files = (
				F8277E3F83A008D80080B6EC /* Pods_UTS_Showcase.framework in Frameworks */,
			);
			runOnlyForDeploymentPostprocessing = 0;
		};
/* End PBXFrameworksBuildPhase section */

/* Begin PBXGroup section */
		265748FB2820205800637A7B = {
			isa = PBXGroup;
			children = (
				265749062820205800637A7B /* UTS-Showcase */,
				265749052820205800637A7B /* Products */,
				30605E993922C4B55CFA2315 /* Pods */,
				5F22260BF847AC2AA1C2CC41 /* Frameworks */,
			);
			sourceTree = "<group>";
		};
		265749052820205800637A7B /* Products */ = {
			isa = PBXGroup;
			children = (
				265749042820205800637A7B /* UTS-Showcase.app */,
			);
			name = Products;
			sourceTree = "<group>";
		};
		265749062820205800637A7B /* UTS-Showcase */ = {
			isa = PBXGroup;
			children = (
				327BF4F42824AFB000D8E744 /* Model */,
				266B3D98282131A500B202A4 /* View */,
				266B3D972821319A00B202A4 /* Controller */,
				265749072820205800637A7B /* AppDelegate.swift */,
				265749092820205800637A7B /* SceneDelegate.swift */,
				265749102820205E00637A7B /* Assets.xcassets */,
				265749122820205E00637A7B /* LaunchScreen.storyboard */,
				265749152820205E00637A7B /* Info.plist */,
				26892406282E1F7600B66DA7 /* GoogleService-Info.plist */,
			);
			path = "UTS-Showcase";
			sourceTree = "<group>";
		};
		266B3D972821319A00B202A4 /* Controller */ = {
			isa = PBXGroup;
			children = (
				2657490B2820205800637A7B /* LoginViewController.swift */,
				26B8212E28214469006EB4A9 /* EventViewController.swift */,
				26B82132282144DD006EB4A9 /* DetailViewController.swift */,
				26B8213428214541006EB4A9 /* ReservationViewController.swift */,
				26740A9428268E0C00D53E67 /* ProfileViewController.swift */,
				4F435968282B8F66006F846F /* EventsTVC.swift */,
				33FE9BDE282DFDDB00377504 /* ReservationTVC.swift */,
			);
			path = Controller;
			sourceTree = "<group>";
		};
		266B3D98282131A500B202A4 /* View */ = {
			isa = PBXGroup;
			children = (
				2657490D2820205800637A7B /* Main.storyboard */,
			);
			path = View;
			sourceTree = "<group>";
		};
		30605E993922C4B55CFA2315 /* Pods */ = {
			isa = PBXGroup;
			children = (
				53C0DD0E58C3DD0CA4D9FEC0 /* Pods-UTS-Showcase.debug.xcconfig */,
				3440959835C685ACB68DE826 /* Pods-UTS-Showcase.release.xcconfig */,
			);
			path = Pods;
			sourceTree = "<group>";
		};
		327BF4F42824AFB000D8E744 /* Model */ = {
			isa = PBXGroup;
			children = (
				327BF4F72824BB8600D8E744 /* Event.swift */,
				33FE9BE0282E0D4100377504 /* UDList .swift */,
			);
			path = Model;
			sourceTree = "<group>";
		};
		5F22260BF847AC2AA1C2CC41 /* Frameworks */ = {
			isa = PBXGroup;
			children = (
				80FC5F61792406E40007AA7D /* Pods_UTS_Showcase.framework */,
			);
			name = Frameworks;
			sourceTree = "<group>";
		};
/* End PBXGroup section */

/* Begin PBXNativeTarget section */
		265749032820205800637A7B /* UTS-Showcase */ = {
			isa = PBXNativeTarget;
			buildConfigurationList = 265749182820205E00637A7B /* Build configuration list for PBXNativeTarget "UTS-Showcase" */;
			buildPhases = (
				4FD28ABE592BA13B46ED073D /* [CP] Check Pods Manifest.lock */,
				265749002820205800637A7B /* Sources */,
				265749012820205800637A7B /* Frameworks */,
				265749022820205800637A7B /* Resources */,
				AB44C33B23FADE47193A0671 /* [CP] Embed Pods Frameworks */,
			);
			buildRules = (
			);
			dependencies = (
			);
			name = "UTS-Showcase";
			productName = "UTS-Showcase";
			productReference = 265749042820205800637A7B /* UTS-Showcase.app */;
			productType = "com.apple.product-type.application";
		};
/* End PBXNativeTarget section */

/* Begin PBXProject section */
		265748FC2820205800637A7B /* Project object */ = {
			isa = PBXProject;
			attributes = {
				BuildIndependentTargetsInParallel = 1;
				LastSwiftUpdateCheck = 1320;
				LastUpgradeCheck = 1320;
				TargetAttributes = {
					265749032820205800637A7B = {
						CreatedOnToolsVersion = 13.2.1;
					};
				};
			};
			buildConfigurationList = 265748FF2820205800637A7B /* Build configuration list for PBXProject "UTS-Showcase" */;
			compatibilityVersion = "Xcode 13.0";
			developmentRegion = en;
			hasScannedForEncodings = 0;
			knownRegions = (
				en,
				Base,
			);
			mainGroup = 265748FB2820205800637A7B;
			productRefGroup = 265749052820205800637A7B /* Products */;
			projectDirPath = "";
			projectRoot = "";
			targets = (
				265749032820205800637A7B /* UTS-Showcase */,
			);
		};
/* End PBXProject section */

/* Begin PBXResourcesBuildPhase section */
		265749022820205800637A7B /* Resources */ = {
			isa = PBXResourcesBuildPhase;
			buildActionMask = 2147483647;
			files = (
				265749142820205E00637A7B /* LaunchScreen.storyboard in Resources */,
				26892407282E1F7700B66DA7 /* GoogleService-Info.plist in Resources */,
				265749112820205E00637A7B /* Assets.xcassets in Resources */,
				2657490F2820205800637A7B /* Main.storyboard in Resources */,
			);
			runOnlyForDeploymentPostprocessing = 0;
		};
/* End PBXResourcesBuildPhase section */

/* Begin PBXShellScriptBuildPhase section */
		4FD28ABE592BA13B46ED073D /* [CP] Check Pods Manifest.lock */ = {
			isa = PBXShellScriptBuildPhase;
			buildActionMask = 2147483647;
			files = (
			);
			inputFileListPaths = (
			);
			inputPaths = (
				"${PODS_PODFILE_DIR_PATH}/Podfile.lock",
				"${PODS_ROOT}/Manifest.lock",
			);
			name = "[CP] Check Pods Manifest.lock";
			outputFileListPaths = (
			);
			outputPaths = (
				"$(DERIVED_FILE_DIR)/Pods-UTS-Showcase-checkManifestLockResult.txt",
			);
			runOnlyForDeploymentPostprocessing = 0;
			shellPath = /bin/sh;
			shellScript = "diff \"${PODS_PODFILE_DIR_PATH}/Podfile.lock\" \"${PODS_ROOT}/Manifest.lock\" > /dev/null\nif [ $? != 0 ] ; then\n    # print error to STDERR\n    echo \"error: The sandbox is not in sync with the Podfile.lock. Run 'pod install' or update your CocoaPods installation.\" >&2\n    exit 1\nfi\n# This output is used by Xcode 'outputs' to avoid re-running this script phase.\necho \"SUCCESS\" > \"${SCRIPT_OUTPUT_FILE_0}\"\n";
			showEnvVarsInLog = 0;
		};
		AB44C33B23FADE47193A0671 /* [CP] Embed Pods Frameworks */ = {
			isa = PBXShellScriptBuildPhase;
			buildActionMask = 2147483647;
			files = (
			);
			inputFileListPaths = (
				"${PODS_ROOT}/Target Support Files/Pods-UTS-Showcase/Pods-UTS-Showcase-frameworks-${CONFIGURATION}-input-files.xcfilelist",
			);
			name = "[CP] Embed Pods Frameworks";
			outputFileListPaths = (
				"${PODS_ROOT}/Target Support Files/Pods-UTS-Showcase/Pods-UTS-Showcase-frameworks-${CONFIGURATION}-output-files.xcfilelist",
			);
			runOnlyForDeploymentPostprocessing = 0;
			shellPath = /bin/sh;
			shellScript = "\"${PODS_ROOT}/Target Support Files/Pods-UTS-Showcase/Pods-UTS-Showcase-frameworks.sh\"\n";
			showEnvVarsInLog = 0;
		};
/* End PBXShellScriptBuildPhase section */

/* Begin PBXSourcesBuildPhase section */
		265749002820205800637A7B /* Sources */ = {
			isa = PBXSourcesBuildPhase;
			buildActionMask = 2147483647;
			files = (
				2657490C2820205800637A7B /* LoginViewController.swift in Sources */,
				4F435969282B8F66006F846F /* EventsTVC.swift in Sources */,
				26B82133282144DD006EB4A9 /* DetailViewController.swift in Sources */,
				26B8212F28214469006EB4A9 /* EventViewController.swift in Sources */,
				265749082820205800637A7B /* AppDelegate.swift in Sources */,
				2657490A2820205800637A7B /* SceneDelegate.swift in Sources */,
				327BF4F82824BB8600D8E744 /* Event.swift in Sources */,
				26740A9528268E0C00D53E67 /* ProfileViewController.swift in Sources */,
				33FE9BE1282E0D4100377504 /* UDList .swift in Sources */,
				33FE9BDF282DFDDB00377504 /* ReservationTVC.swift in Sources */,
				26B8213528214541006EB4A9 /* ReservationViewController.swift in Sources */,
			);
			runOnlyForDeploymentPostprocessing = 0;
		};
/* End PBXSourcesBuildPhase section */

/* Begin PBXVariantGroup section */
		2657490D2820205800637A7B /* Main.storyboard */ = {
			isa = PBXVariantGroup;
			children = (
				2657490E2820205800637A7B /* Base */,
			);
			name = Main.storyboard;
			sourceTree = "<group>";
		};
		265749122820205E00637A7B /* LaunchScreen.storyboard */ = {
			isa = PBXVariantGroup;
			children = (
				265749132820205E00637A7B /* Base */,
			);
			name = LaunchScreen.storyboard;
			sourceTree = "<group>";
		};
/* End PBXVariantGroup section */

/* Begin XCBuildConfiguration section */
		265749162820205E00637A7B /* Debug */ = {
			isa = XCBuildConfiguration;
			buildSettings = {
				ALWAYS_SEARCH_USER_PATHS = NO;
				CLANG_ANALYZER_NONNULL = YES;
				CLANG_ANALYZER_NUMBER_OBJECT_CONVERSION = YES_AGGRESSIVE;
				CLANG_CXX_LANGUAGE_STANDARD = "gnu++17";
				CLANG_CXX_LIBRARY = "libc++";
				CLANG_ENABLE_MODULES = YES;
				CLANG_ENABLE_OBJC_ARC = YES;
				CLANG_ENABLE_OBJC_WEAK = YES;
				CLANG_WARN_BLOCK_CAPTURE_AUTORELEASING = YES;
				CLANG_WARN_BOOL_CONVERSION = YES;
				CLANG_WARN_COMMA = YES;
				CLANG_WARN_CONSTANT_CONVERSION = YES;
				CLANG_WARN_DEPRECATED_OBJC_IMPLEMENTATIONS = YES;
				CLANG_WARN_DIRECT_OBJC_ISA_USAGE = YES_ERROR;
				CLANG_WARN_DOCUMENTATION_COMMENTS = YES;
				CLANG_WARN_EMPTY_BODY = YES;
				CLANG_WARN_ENUM_CONVERSION = YES;
				CLANG_WARN_INFINITE_RECURSION = YES;
				CLANG_WARN_INT_CONVERSION = YES;
				CLANG_WARN_NON_LITERAL_NULL_CONVERSION = YES;
				CLANG_WARN_OBJC_IMPLICIT_RETAIN_SELF = YES;
				CLANG_WARN_OBJC_LITERAL_CONVERSION = YES;
				CLANG_WARN_OBJC_ROOT_CLASS = YES_ERROR;
				CLANG_WARN_QUOTED_INCLUDE_IN_FRAMEWORK_HEADER = YES;
				CLANG_WARN_RANGE_LOOP_ANALYSIS = YES;
				CLANG_WARN_STRICT_PROTOTYPES = YES;
				CLANG_WARN_SUSPICIOUS_MOVE = YES;
				CLANG_WARN_UNGUARDED_AVAILABILITY = YES_AGGRESSIVE;
				CLANG_WARN_UNREACHABLE_CODE = YES;
				CLANG_WARN__DUPLICATE_METHOD_MATCH = YES;
				COPY_PHASE_STRIP = NO;
				DEBUG_INFORMATION_FORMAT = dwarf;
				ENABLE_STRICT_OBJC_MSGSEND = YES;
				ENABLE_TESTABILITY = YES;
				GCC_C_LANGUAGE_STANDARD = gnu11;
				GCC_DYNAMIC_NO_PIC = NO;
				GCC_NO_COMMON_BLOCKS = YES;
				GCC_OPTIMIZATION_LEVEL = 0;
				GCC_PREPROCESSOR_DEFINITIONS = (
					"DEBUG=1",
					"$(inherited)",
				);
				GCC_WARN_64_TO_32_BIT_CONVERSION = YES;
				GCC_WARN_ABOUT_RETURN_TYPE = YES_ERROR;
				GCC_WARN_UNDECLARED_SELECTOR = YES;
				GCC_WARN_UNINITIALIZED_AUTOS = YES_AGGRESSIVE;
				GCC_WARN_UNUSED_FUNCTION = YES;
				GCC_WARN_UNUSED_VARIABLE = YES;
				IPHONEOS_DEPLOYMENT_TARGET = 15.2;
				MTL_ENABLE_DEBUG_INFO = INCLUDE_SOURCE;
				MTL_FAST_MATH = YES;
				ONLY_ACTIVE_ARCH = YES;
				SDKROOT = iphoneos;
				SWIFT_ACTIVE_COMPILATION_CONDITIONS = DEBUG;
				SWIFT_OPTIMIZATION_LEVEL = "-Onone";
			};
			name = Debug;
		};
		265749172820205E00637A7B /* Release */ = {
			isa = XCBuildConfiguration;
			buildSettings = {
				ALWAYS_SEARCH_USER_PATHS = NO;
				CLANG_ANALYZER_NONNULL = YES;
				CLANG_ANALYZER_NUMBER_OBJECT_CONVERSION = YES_AGGRESSIVE;
				CLANG_CXX_LANGUAGE_STANDARD = "gnu++17";
				CLANG_CXX_LIBRARY = "libc++";
				CLANG_ENABLE_MODULES = YES;
				CLANG_ENABLE_OBJC_ARC = YES;
				CLANG_ENABLE_OBJC_WEAK = YES;
				CLANG_WARN_BLOCK_CAPTURE_AUTORELEASING = YES;
				CLANG_WARN_BOOL_CONVERSION = YES;
				CLANG_WARN_COMMA = YES;
				CLANG_WARN_CONSTANT_CONVERSION = YES;
				CLANG_WARN_DEPRECATED_OBJC_IMPLEMENTATIONS = YES;
				CLANG_WARN_DIRECT_OBJC_ISA_USAGE = YES_ERROR;
				CLANG_WARN_DOCUMENTATION_COMMENTS = YES;
				CLANG_WARN_EMPTY_BODY = YES;
				CLANG_WARN_ENUM_CONVERSION = YES;
				CLANG_WARN_INFINITE_RECURSION = YES;
				CLANG_WARN_INT_CONVERSION = YES;
				CLANG_WARN_NON_LITERAL_NULL_CONVERSION = YES;
				CLANG_WARN_OBJC_IMPLICIT_RETAIN_SELF = YES;
				CLANG_WARN_OBJC_LITERAL_CONVERSION = YES;
				CLANG_WARN_OBJC_ROOT_CLASS = YES_ERROR;
				CLANG_WARN_QUOTED_INCLUDE_IN_FRAMEWORK_HEADER = YES;
				CLANG_WARN_RANGE_LOOP_ANALYSIS = YES;
				CLANG_WARN_STRICT_PROTOTYPES = YES;
				CLANG_WARN_SUSPICIOUS_MOVE = YES;
				CLANG_WARN_UNGUARDED_AVAILABILITY = YES_AGGRESSIVE;
				CLANG_WARN_UNREACHABLE_CODE = YES;
				CLANG_WARN__DUPLICATE_METHOD_MATCH = YES;
				COPY_PHASE_STRIP = NO;
				DEBUG_INFORMATION_FORMAT = "dwarf-with-dsym";
				ENABLE_NS_ASSERTIONS = NO;
				ENABLE_STRICT_OBJC_MSGSEND = YES;
				GCC_C_LANGUAGE_STANDARD = gnu11;
				GCC_NO_COMMON_BLOCKS = YES;
				GCC_WARN_64_TO_32_BIT_CONVERSION = YES;
				GCC_WARN_ABOUT_RETURN_TYPE = YES_ERROR;
				GCC_WARN_UNDECLARED_SELECTOR = YES;
				GCC_WARN_UNINITIALIZED_AUTOS = YES_AGGRESSIVE;
				GCC_WARN_UNUSED_FUNCTION = YES;
				GCC_WARN_UNUSED_VARIABLE = YES;
				IPHONEOS_DEPLOYMENT_TARGET = 15.2;
				MTL_ENABLE_DEBUG_INFO = NO;
				MTL_FAST_MATH = YES;
				SDKROOT = iphoneos;
				SWIFT_COMPILATION_MODE = wholemodule;
				SWIFT_OPTIMIZATION_LEVEL = "-O";
				VALIDATE_PRODUCT = YES;
			};
			name = Release;
		};
		265749192820205E00637A7B /* Debug */ = {
			isa = XCBuildConfiguration;
			baseConfigurationReference = 53C0DD0E58C3DD0CA4D9FEC0 /* Pods-UTS-Showcase.debug.xcconfig */;
			buildSettings = {
				ASSETCATALOG_COMPILER_APPICON_NAME = AppIcon;
				ASSETCATALOG_COMPILER_GLOBAL_ACCENT_COLOR_NAME = AccentColor;
				CODE_SIGN_STYLE = Automatic;
				CURRENT_PROJECT_VERSION = 1;
				DEVELOPMENT_TEAM = 6V2RHFRZ33;
				GENERATE_INFOPLIST_FILE = YES;
				INFOPLIST_FILE = "UTS-Showcase/Info.plist";
				INFOPLIST_KEY_UIApplicationSupportsIndirectInputEvents = YES;
				INFOPLIST_KEY_UILaunchStoryboardName = LaunchScreen;
				INFOPLIST_KEY_UIMainStoryboardFile = Main;
				INFOPLIST_KEY_UISupportedInterfaceOrientations_iPad = "UIInterfaceOrientationPortrait UIInterfaceOrientationPortraitUpsideDown UIInterfaceOrientationLandscapeLeft UIInterfaceOrientationLandscapeRight";
				INFOPLIST_KEY_UISupportedInterfaceOrientations_iPhone = "UIInterfaceOrientationPortrait UIInterfaceOrientationLandscapeLeft UIInterfaceOrientationLandscapeRight";
				LD_RUNPATH_SEARCH_PATHS = (
					"$(inherited)",
					"@executable_path/Frameworks",
				);
				MARKETING_VERSION = 1.0;
				PRODUCT_BUNDLE_IDENTIFIER = "au.edu.uts.UTS-Showcase";
				PRODUCT_NAME = "$(TARGET_NAME)";
				SWIFT_EMIT_LOC_STRINGS = YES;
				SWIFT_VERSION = 5.0;
				TARGETED_DEVICE_FAMILY = "1,2";
			};
			name = Debug;
		};
		2657491A2820205E00637A7B /* Release */ = {
			isa = XCBuildConfiguration;
			baseConfigurationReference = 3440959835C685ACB68DE826 /* Pods-UTS-Showcase.release.xcconfig */;
			buildSettings = {
				ASSETCATALOG_COMPILER_APPICON_NAME = AppIcon;
				ASSETCATALOG_COMPILER_GLOBAL_ACCENT_COLOR_NAME = AccentColor;
				CODE_SIGN_STYLE = Automatic;
				CURRENT_PROJECT_VERSION = 1;
				DEVELOPMENT_TEAM = 6V2RHFRZ33;
				GENERATE_INFOPLIST_FILE = YES;
				INFOPLIST_FILE = "UTS-Showcase/Info.plist";
				INFOPLIST_KEY_UIApplicationSupportsIndirectInputEvents = YES;
				INFOPLIST_KEY_UILaunchStoryboardName = LaunchScreen;
				INFOPLIST_KEY_UIMainStoryboardFile = Main;
				INFOPLIST_KEY_UISupportedInterfaceOrientations_iPad = "UIInterfaceOrientationPortrait UIInterfaceOrientationPortraitUpsideDown UIInterfaceOrientationLandscapeLeft UIInterfaceOrientationLandscapeRight";
				INFOPLIST_KEY_UISupportedInterfaceOrientations_iPhone = "UIInterfaceOrientationPortrait UIInterfaceOrientationLandscapeLeft UIInterfaceOrientationLandscapeRight";
				LD_RUNPATH_SEARCH_PATHS = (
					"$(inherited)",
					"@executable_path/Frameworks",
				);
				MARKETING_VERSION = 1.0;
				PRODUCT_BUNDLE_IDENTIFIER = "au.edu.uts.UTS-Showcase";
				PRODUCT_NAME = "$(TARGET_NAME)";
				SWIFT_EMIT_LOC_STRINGS = YES;
				SWIFT_VERSION = 5.0;
				TARGETED_DEVICE_FAMILY = "1,2";
			};
			name = Release;
		};
/* End XCBuildConfiguration section */

/* Begin XCConfigurationList section */
		265748FF2820205800637A7B /* Build configuration list for PBXProject "UTS-Showcase" */ = {
			isa = XCConfigurationList;
			buildConfigurations = (
				265749162820205E00637A7B /* Debug */,
				265749172820205E00637A7B /* Release */,
			);
			defaultConfigurationIsVisible = 0;
			defaultConfigurationName = Release;
		};
		265749182820205E00637A7B /* Build configuration list for PBXNativeTarget "UTS-Showcase" */ = {
			isa = XCConfigurationList;
			buildConfigurations = (
				265749192820205E00637A7B /* Debug */,
				2657491A2820205E00637A7B /* Release */,
			);
			defaultConfigurationIsVisible = 0;
			defaultConfigurationName = Release;
		};
/* End XCConfigurationList section */
	};
	rootObject = 265748FC2820205800637A7B /* Project object */;
}
